# This file was autogenerated by uv via the following command:
#    uv pip compile requirements-prod.txt --output-file requirements-prod.lock --python-platform linux --python-version 3.11 --no-emit-index-url
aiohappyeyeballs==2.6.2
    # via aiohttp
aiohttp==3.14.1
    # via kubernetes
aiomysql==0.3.2
    # via -r requirements-prod.txt
aiosignal==1.4.0
    # via aiohttp
aiosmtplib==5.1.2
    # via -r requirements-prod.txt
alembic==1.18.4
    # via -r requirements-prod.txt
amqp==5.3.1
    # via kombu
annotated-doc==0.0.4
    # via
    #   fastapi
    #   typer
annotated-types==0.7.0
    # via pydantic
anyio==4.14.0
    # via
    #   groq
    #   httpx
    #   openai
    #   starlette
    #   watchfiles
asgiref==3.11.1
    # via opentelemetry-instrumentation-asgi
async-timeout==5.0.1
    # via redis
attrs==26.1.0
    # via
    #   aiohttp
    #   jsonschema
    #   referencing
bcrypt==4.0.1
    # via
    #   -r requirements-prod.txt
    #   chromadb
beautifulsoup4==4.15.0
    # via -r requirements-prod.txt
billiard==4.2.4
    # via
    #   -r requirements-prod.txt
    #   celery
brotli==1.2.0
    # via httpx
build==1.5.0
    # via chromadb
celery==5.6.3
    # via -r requirements-prod.txt
certifi==2026.6.17
    # via
    #   httpcore
    #   httpx
    #   kubernetes
    #   requests
cffi==2.0.0
    # via cryptography
charset-normalizer==3.4.7
    # via requests
chromadb==1.5.9
    # via
    #   -r requirements-prod.txt
    #   langchain-chroma
click==8.4.1
    # via
    #   -r requirements-prod.txt
    #   celery
    #   click-didyoumean
    #   click-plugins
    #   click-repl
    #   ddgs
    #   huggingface-hub
    #   typer
    #   uvicorn
click-didyoumean==0.3.1
    # via celery
click-plugins==1.1.1.2
    # via celery
click-repl==0.3.0
    # via celery
cryptography==49.0.0
    # via
    #   -r requirements-prod.txt
    #   python-jose
ddgs==9.14.4
    # via -r requirements-prod.txt
distro==1.9.0
    # via
    #   groq
    #   openai
dnspython==2.8.0
    # via email-validator
durationpy==0.10
    # via kubernetes
ecdsa==0.19.2
    # via
    #   -r requirements-prod.txt
    #   python-jose
email-validator==2.3.0
    # via -r requirements-prod.txt
fake-useragent==2.2.0
    # via
    #   -r requirements-prod.txt
    #   ddgs
fastapi==0.138.0
    # via -r requirements-prod.txt
filelock==3.29.4
    # via huggingface-hub
flatbuffers==25.12.19
    # via onnxruntime
frozenlist==1.8.0
    # via
    #   aiohttp
    #   aiosignal
fsspec==2026.6.0
    # via huggingface-hub
googleapis-common-protos==1.75.0
    # via opentelemetry-exporter-otlp-proto-grpc
greenlet==3.5.2
    # via sqlalchemy
groq==0.37.1
    # via langchain-groq
grpcio==1.81.1
    # via
    #   chromadb
    #   opentelemetry-exporter-otlp-proto-grpc
h11==0.16.0
    # via
    #   httpcore
    #   uvicorn
h2==4.3.0
    # via httpx
hf-xet==1.5.1
    # via huggingface-hub
hpack==4.1.0
    # via h2
httpcore==1.0.9
    # via httpx
httptools==0.8.0
    # via uvicorn
httpx==0.28.1
    # via
    #   -r requirements-prod.txt
    #   chromadb
    #   ddgs
    #   groq
    #   huggingface-hub
    #   langgraph-sdk
    #   langsmith
    #   openai
huggingface-hub==1.20.1
    # via tokenizers
hyperframe==6.1.0
    # via h2
idna==3.18
    # via
    #   anyio
    #   email-validator
    #   httpx
    #   requests
    #   yarl
importlib-metadata==8.7.1
    # via opentelemetry-api
importlib-resources==7.1.0
    # via chromadb
jiter==0.15.0
    # via openai
joblib==1.5.3
    # via scikit-learn
jsonpatch==1.33
    # via langchain-core
jsonpointer==3.1.1
    # via jsonpatch
jsonschema==4.26.0
    # via chromadb
jsonschema-specifications==2025.9.1
    # via jsonschema
kombu==5.6.2
    # via
    #   -r requirements-prod.txt
    #   celery
kubernetes==36.0.2
    # via chromadb
langchain==1.3.10
    # via -r requirements-prod.txt
langchain-chroma==1.1.0
    # via -r requirements-prod.txt
langchain-core==1.4.8
    # via
    #   -r requirements-prod.txt
    #   langchain
    #   langchain-chroma
    #   langchain-groq
    #   langchain-openai
    #   langchain-text-splitters
    #   langgraph
    #   langgraph-checkpoint
    #   langgraph-prebuilt
    #   langgraph-sdk
langchain-groq==1.1.3
    # via -r requirements-prod.txt
langchain-openai==1.3.2
    # via -r requirements-prod.txt
langchain-protocol==0.0.18
    # via
    #   langchain-core
    #   langgraph-sdk
langchain-text-splitters==1.1.2
    # via -r requirements-prod.txt
langgraph==1.2.6
    # via
    #   -r requirements-prod.txt
    #   langchain
langgraph-checkpoint==4.1.1
    # via
    #   langgraph
    #   langgraph-prebuilt
langgraph-prebuilt==1.1.0
    # via
    #   -r requirements-prod.txt
    #   langgraph
langgraph-sdk==0.4.2
    # via langgraph
langsmith==0.8.18
    # via
    #   -r requirements-prod.txt
    #   langchain-core
lxml==6.1.1
    # via
    #   -r requirements-prod.txt
    #   ddgs
    #   python-docx
mako==1.3.12
    # via alembic
markdown-it-py==4.2.0
    # via rich
markupsafe==3.0.3
    # via mako
mdurl==0.1.2
    # via markdown-it-py
mmh3==5.2.1
    # via chromadb
multidict==6.7.1
    # via
    #   aiohttp
    #   yarl
narwhals==2.22.1
    # via scikit-learn
numpy==1.26.4
    # via
    #   -r requirements-prod.txt
    #   chromadb
    #   langchain-chroma
    #   onnxruntime
    #   scikit-learn
    #   scipy
oauthlib==3.3.1
    # via requests-oauthlib
onnxruntime==1.27.0
    # via chromadb
openai==2.43.0
    # via
    #   -r requirements-prod.txt
    #   langchain-openai
opentelemetry-api==1.39.1
    # via
    #   chromadb
    #   opentelemetry-exporter-otlp-proto-grpc
    #   opentelemetry-instrumentation
    #   opentelemetry-instrumentation-asgi
    #   opentelemetry-instrumentation-fastapi
    #   opentelemetry-sdk
    #   opentelemetry-semantic-conventions
opentelemetry-exporter-otlp-proto-common==1.39.1
    # via opentelemetry-exporter-otlp-proto-grpc
opentelemetry-exporter-otlp-proto-grpc==1.39.1
    # via chromadb
opentelemetry-instrumentation==0.60b1
    # via
    #   -r requirements-prod.txt
    #   opentelemetry-instrumentation-asgi
    #   opentelemetry-instrumentation-fastapi
opentelemetry-instrumentation-asgi==0.60b1
    # via
    #   -r requirements-prod.txt
    #   opentelemetry-instrumentation-fastapi
opentelemetry-instrumentation-fastapi==0.60b1
    # via -r requirements-prod.txt
opentelemetry-proto==1.39.1
    # via
    #   opentelemetry-exporter-otlp-proto-common
    #   opentelemetry-exporter-otlp-proto-grpc
opentelemetry-sdk==1.39.1
    # via
    #   chromadb
    #   opentelemetry-exporter-otlp-proto-grpc
opentelemetry-semantic-conventions==0.60b1
    # via
    #   -r requirements-prod.txt
    #   opentelemetry-instrumentation
    #   opentelemetry-instrumentation-asgi
    #   opentelemetry-instrumentation-fastapi
    #   opentelemetry-sdk
opentelemetry-util-http==0.60b1
    # via
    #   opentelemetry-instrumentation-asgi
    #   opentelemetry-instrumentation-fastapi
orjson==3.11.9
    # via
    #   chromadb
    #   langgraph-sdk
    #   langsmith
ormsgpack==1.12.2
    # via langgraph-checkpoint
overrides==7.7.0
    # via chromadb
packaging==26.2
    # via
    #   -r requirements-prod.txt
    #   build
    #   huggingface-hub
    #   kombu
    #   langchain-core
    #   langsmith
    #   onnxruntime
    #   opentelemetry-instrumentation
passlib==1.7.4
    # via -r requirements-prod.txt
pillow==12.2.0
    # via -r requirements-prod.txt
primp==1.3.1
    # via ddgs
prompt-toolkit==3.0.52
    # via click-repl
propcache==0.5.2
    # via
    #   aiohttp
    #   yarl
protobuf==5.29.6
    # via
    #   -r requirements-prod.txt
    #   googleapis-common-protos
    #   onnxruntime
    #   opentelemetry-proto
pyasn1==0.6.3
    # via
    #   python-jose
    #   rsa
pybase64==1.4.3
    # via chromadb
pycparser==3.0
    # via cffi
pydantic==2.13.4
    # via
    #   -r requirements-prod.txt
    #   chromadb
    #   fastapi
    #   groq
    #   langchain
    #   langchain-core
    #   langgraph
    #   langsmith
    #   openai
    #   pydantic-settings
pydantic-core==2.46.4
    # via pydantic
pydantic-settings==2.14.2
    # via
    #   -r requirements-prod.txt
    #   chromadb
pygments==2.20.0
    # via rich
pymupdf==1.27.2.3
    # via -r requirements-prod.txt
pymysql==1.2.0
    # via
    #   -r requirements-prod.txt
    #   aiomysql
pypandoc==1.17
    # via -r requirements-prod.txt
pypdf==6.13.3
    # via -r requirements-prod.txt
pypika==0.51.1
    # via chromadb
pyproject-hooks==1.2.0
    # via build
python-dateutil==2.9.0.post0
    # via
    #   celery
    #   kubernetes
python-docx==1.2.0
    # via -r requirements-prod.txt
python-dotenv==1.2.2
    # via
    #   -r requirements-prod.txt
    #   pydantic-settings
    #   uvicorn
python-jose==3.5.0
    # via -r requirements-prod.txt
python-multipart==0.0.32
    # via -r requirements-prod.txt
pyyaml==6.0.3
    # via
    #   chromadb
    #   huggingface-hub
    #   kubernetes
    #   langchain-core
    #   uvicorn
redis==8.0.0
    # via -r requirements-prod.txt
referencing==0.37.0
    # via
    #   jsonschema
    #   jsonschema-specifications
regex==2026.5.9
    # via tiktoken
requests==2.34.2
    # via
    #   -r requirements-prod.txt
    #   kubernetes
    #   langsmith
    #   requests-oauthlib
    #   requests-toolbelt
    #   tiktoken
requests-oauthlib==2.0.0
    # via kubernetes
requests-toolbelt==1.0.0
    # via langsmith
rich==15.0.0
    # via
    #   chromadb
    #   typer
rpds-py==2026.5.1
    # via
    #   jsonschema
    #   referencing
rsa==4.9.1
    # via python-jose
scikit-learn==1.9.0
    # via -r requirements-prod.txt
scipy==1.17.1
    # via scikit-learn
shellingham==1.5.4
    # via typer
six==1.17.0
    # via
    #   ecdsa
    #   kubernetes
    #   python-dateutil
sniffio==1.3.1
    # via
    #   groq
    #   openai
socksio==1.0.0
    # via httpx
soupsieve==2.8.4
    # via beautifulsoup4
sqlalchemy==2.0.51
    # via
    #   -r requirements-prod.txt
    #   alembic
starlette==1.3.1
    # via fastapi
tenacity==9.1.4
    # via
    #   -r requirements-prod.txt
    #   chromadb
    #   langchain-core
threadpoolctl==3.6.0
    # via scikit-learn
tiktoken==0.13.0
    # via
    #   -r requirements-prod.txt
    #   langchain-openai
tokenizers==0.23.1
    # via chromadb
tqdm==4.68.3
    # via
    #   -r requirements-prod.txt
    #   chromadb
    #   huggingface-hub
    #   openai
typer==0.25.1
    # via
    #   chromadb
    #   huggingface-hub
typing-extensions==4.15.0
    # via
    #   aiohttp
    #   aiosignal
    #   alembic
    #   anyio
    #   beautifulsoup4
    #   chromadb
    #   fastapi
    #   groq
    #   grpcio
    #   huggingface-hub
    #   langchain-core
    #   langchain-protocol
    #   openai
    #   opentelemetry-api
    #   opentelemetry-exporter-otlp-proto-grpc
    #   opentelemetry-sdk
    #   opentelemetry-semantic-conventions
    #   pydantic
    #   pydantic-core
    #   python-docx
    #   referencing
    #   sqlalchemy
    #   starlette
    #   typing-inspection
typing-inspection==0.4.2
    # via
    #   fastapi
    #   pydantic
    #   pydantic-settings
tzdata==2026.2
    # via kombu
tzlocal==5.4.3
    # via celery
urllib3==2.7.0
    # via
    #   -r requirements-prod.txt
    #   kubernetes
    #   requests
uuid-utils==0.16.2
    # via
    #   langchain-core
    #   langsmith
uvicorn==0.49.0
    # via
    #   -r requirements-prod.txt
    #   chromadb
uvloop==0.22.1
    # via uvicorn
vine==5.1.0
    # via
    #   -r requirements-prod.txt
    #   amqp
    #   celery
    #   kombu
watchfiles==1.2.0
    # via uvicorn
wcwidth==0.8.1
    # via prompt-toolkit
websocket-client==1.9.0
    # via kubernetes
websockets==15.0.1
    # via
    #   -r requirements-prod.txt
    #   langgraph-sdk
    #   langsmith
    #   uvicorn
wrapt==1.17.3
    # via opentelemetry-instrumentation
xxhash==3.7.0
    # via
    #   langgraph
    #   langsmith
yarl==1.24.2
    # via aiohttp
zipp==4.1.0
    # via importlib-metadata
zstandard==0.25.0
    # via langsmith
